
Microsoft Visual Studio Solution File, Format Version 12.00
# Visual Studio Version 17
VisualStudioVersion = 17.4.33110.190
MinimumVisualStudioVersion = 10.0.40219.1
Project("{FAE04EC0-301F-11D3-BF4B-00C04F79EFBC}") = "Zaměstnanec2", "Zaměstnanec2\Zaměstnanec2.csproj", "{9F60E3C8-8199-4777-94BF-4671903B86F5}"
EndProject
Global
	GlobalSection(SolutionConfigurationPlatforms) = preSolution
		Debug|Any CPU = Debug|Any CPU
		Release|Any CPU = Release|Any CPU
	EndGlobalSection
	GlobalSection(ProjectConfigurationPlatforms) = postSolution
		{9F60E3C8-8199-4777-94BF-4671903B86F5}.Debug|Any CPU.ActiveCfg = Debug|Any CPU
		{9F60E3C8-8199-4777-94BF-4671903B86F5}.Debug|Any CPU.Build.0 = Debug|Any CPU
		{9F60E3C8-8199-4777-94BF-4671903B86F5}.Release|Any CPU.ActiveCfg = Release|Any CPU
		{9F60E3C8-8199-4777-94BF-4671903B86F5}.Release|Any CPU.Build.0 = Release|Any CPU
	EndGlobalSection
	GlobalSection(SolutionProperties) = preSolution
		HideSolutionNode = FALSE
	EndGlobalSection
	GlobalSection(ExtensibilityGlobals) = postSolution
		SolutionGuid = {167C2D87-2FE1-4493-9175-68B99F5A8BD7}
	EndGlobalSection
EndGlobal
